{
  "name": "hugo",
  "lockfileVersion": 2,
  "requires": true,
  "packages": {
    "": {
      "dependencies": {
        "extended": "^0.0.6"
      }
    },
    "node_modules/declare.js": {
      "version": "0.0.8",
      "resolved": "https://registry.npmjs.org/declare.js/-/declare.js-0.0.8.tgz",
      "integrity": "sha512-O659hy1gcHef7JnwtqdQlrj2c5DAEgtxm8pgFXofW7eUE1L4FjsSLlziovWcrOJAOFlEPaOJshY+0hBWCG/AnA=="
    },
    "node_modules/extended": {
      "version": "0.0.6",
      "resolved": "https://registry.npmjs.org/extended/-/extended-0.0.6.tgz",
      "integrity": "sha512-rvAV3BDGsV1SYGzUOu7aO0k82quhfl0QAyZudYhAcTeIr1rPbBnyOhOlkCLwLpDfP7HyKAWAPNSjRb9p7lE3rg==",
      "dependencies": {
        "extender": "~0.0.5"
      }
    },
    "node_modules/extender": {
      "version": "0.0.10",
      "resolved": "https://registry.npmjs.org/extender/-/extender-0.0.10.tgz",
      "integrity": "sha512-iPLUHZJaNW6RuOShQX33ZpewEUIlijFBcsXnKWyiYERKWPsFxfKgx8J0xRz29hKQWPFFPACgBW6cHM7Ke1pfaA==",
      "dependencies": {
        "declare.js": "~0.0.4"
      }
    }
  },
  "dependencies": {
    "declare.js": {
      "version": "0.0.8",
      "resolved": "https://registry.npmjs.org/declare.js/-/declare.js-0.0.8.tgz",
      "integrity": "sha512-O659hy1gcHef7JnwtqdQlrj2c5DAEgtxm8pgFXofW7eUE1L4FjsSLlziovWcrOJAOFlEPaOJshY+0hBWCG/AnA=="
    },
    "extended": {
      "version": "0.0.6",
      "resolved": "https://registry.npmjs.org/extended/-/extended-0.0.6.tgz",
      "integrity": "sha512-rvAV3BDGsV1SYGzUOu7aO0k82quhfl0QAyZudYhAcTeIr1rPbBnyOhOlkCLwLpDfP7HyKAWAPNSjRb9p7lE3rg==",
      "requires": {
        "extender": "~0.0.5"
      }
    },
    "extender": {
      "version": "0.0.10",
      "resolved": "https://registry.npmjs.org/extender/-/extender-0.0.10.tgz",
      "integrity": "sha512-iPLUHZJaNW6RuOShQX33ZpewEUIlijFBcsXnKWyiYERKWPsFxfKgx8J0xRz29hKQWPFFPACgBW6cHM7Ke1pfaA==",
      "requires": {
        "declare.js": "~0.0.4"
      }
    }
  }
}
